
Microsoft Visual Studio Solution File, Format Version 12.00
# Visual Studio 14
VisualStudioVersion = 14.0.24720.0
MinimumVisualStudioVersion = 10.0.40219.1
Project("{FAE04EC0-301F-11D3-BF4B-00C04F79EFBC}") = "ProjetoFidelidade.Model", "ProjetoFidelidade.Model\ProjetoFidelidade.Model.csproj", "{EDBB2092-3295-400D-A455-65C6A3B14D1F}"
EndProject
Project("{FAE04EC0-301F-11D3-BF4B-00C04F79EFBC}") = "ProjetoFidelidade.Data", "ProjetoFidelidade.Data\ProjetoFidelidade.Data.csproj", "{403603E9-E10B-4D77-89B3-6B3B79E1EB0E}"
EndProject
Project("{FAE04EC0-301F-11D3-BF4B-00C04F79EFBC}") = "ProjetoFidelidade.Service", "ProjetoFidelidade.Service\ProjetoFidelidade.Service.csproj", "{A42C7A4A-361F-4317-8199-6DCA818E23BD}"
EndProject
Project("{FAE04EC0-301F-11D3-BF4B-00C04F79EFBC}") = "ProjetoFidelidade.Admin", "ProjetoFidelidade.Admin\ProjetoFidelidade.Admin.csproj", "{97F3555A-9D6E-4EEB-843B-D8747D8DE822}"
EndProject
Project("{FAE04EC0-301F-11D3-BF4B-00C04F79EFBC}") = "ProjetoFidelidade.WS", "ProjetoFidelidade.WS\ProjetoFidelidade.WS.csproj", "{775DE391-106E-4DFF-A7D9-44DE98F33A3F}"
EndProject
Global
	GlobalSection(SolutionConfigurationPlatforms) = preSolution
		Debug|Any CPU = Debug|Any CPU
		Release|Any CPU = Release|Any CPU
	EndGlobalSection
	GlobalSection(ProjectConfigurationPlatforms) = postSolution
		{EDBB2092-3295-400D-A455-65C6A3B14D1F}.Debug|Any CPU.ActiveCfg = Debug|Any CPU
		{EDBB2092-3295-400D-A455-65C6A3B14D1F}.Debug|Any CPU.Build.0 = Debug|Any CPU
		{EDBB2092-3295-400D-A455-65C6A3B14D1F}.Release|Any CPU.ActiveCfg = Release|Any CPU
		{EDBB2092-3295-400D-A455-65C6A3B14D1F}.Release|Any CPU.Build.0 = Release|Any CPU
		{403603E9-E10B-4D77-89B3-6B3B79E1EB0E}.Debug|Any CPU.ActiveCfg = Debug|Any CPU
		{403603E9-E10B-4D77-89B3-6B3B79E1EB0E}.Debug|Any CPU.Build.0 = Debug|Any CPU
		{403603E9-E10B-4D77-89B3-6B3B79E1EB0E}.Release|Any CPU.ActiveCfg = Release|Any CPU
		{403603E9-E10B-4D77-89B3-6B3B79E1EB0E}.Release|Any CPU.Build.0 = Release|Any CPU
		{A42C7A4A-361F-4317-8199-6DCA818E23BD}.Debug|Any CPU.ActiveCfg = Debug|Any CPU
		{A42C7A4A-361F-4317-8199-6DCA818E23BD}.Debug|Any CPU.Build.0 = Debug|Any CPU
		{A42C7A4A-361F-4317-8199-6DCA818E23BD}.Release|Any CPU.ActiveCfg = Release|Any CPU
		{A42C7A4A-361F-4317-8199-6DCA818E23BD}.Release|Any CPU.Build.0 = Release|Any CPU
		{97F3555A-9D6E-4EEB-843B-D8747D8DE822}.Debug|Any CPU.ActiveCfg = Debug|Any CPU
		{97F3555A-9D6E-4EEB-843B-D8747D8DE822}.Debug|Any CPU.Build.0 = Debug|Any CPU
		{97F3555A-9D6E-4EEB-843B-D8747D8DE822}.Release|Any CPU.ActiveCfg = Release|Any CPU
		{97F3555A-9D6E-4EEB-843B-D8747D8DE822}.Release|Any CPU.Build.0 = Release|Any CPU
		{775DE391-106E-4DFF-A7D9-44DE98F33A3F}.Debug|Any CPU.ActiveCfg = Debug|Any CPU
		{775DE391-106E-4DFF-A7D9-44DE98F33A3F}.Debug|Any CPU.Build.0 = Debug|Any CPU
		{775DE391-106E-4DFF-A7D9-44DE98F33A3F}.Release|Any CPU.ActiveCfg = Release|Any CPU
		{775DE391-106E-4DFF-A7D9-44DE98F33A3F}.Release|Any CPU.Build.0 = Release|Any CPU
	EndGlobalSection
	GlobalSection(SolutionProperties) = preSolution
		HideSolutionNode = FALSE
	EndGlobalSection
EndGlobal
